
Microsoft Visual Studio Solution File, Format Version 12.00
# Visual Studio 15
VisualStudioVersion = 15.0.28307.902
MinimumVisualStudioVersion = 10.0.40219.1
Project("{FAE04EC0-301F-11D3-BF4B-00C04F79EFBC}") = "Algorithm", "Algorithm\Algorithm.csproj", "{FB49F6CF-8DC0-4EA7-ABB5-49B909F03300}"
EndProject
Global
	GlobalSection(SolutionConfigurationPlatforms) = preSolution
		Debug|Any CPU = Debug|Any CPU
		Release|Any CPU = Release|Any CPU
	EndGlobalSection
	GlobalSection(ProjectConfigurationPlatforms) = postSolution
		{FB49F6CF-8DC0-4EA7-ABB5-49B909F03300}.Debug|Any CPU.ActiveCfg = Debug|Any CPU
		{FB49F6CF-8DC0-4EA7-ABB5-49B909F03300}.Debug|Any CPU.Build.0 = Debug|Any CPU
		{FB49F6CF-8DC0-4EA7-ABB5-49B909F03300}.Release|Any CPU.ActiveCfg = Release|Any CPU
		{FB49F6CF-8DC0-4EA7-ABB5-49B909F03300}.Release|Any CPU.Build.0 = Release|Any CPU
	EndGlobalSection
	GlobalSection(SolutionProperties) = preSolution
		HideSolutionNode = FALSE
	EndGlobalSection
	GlobalSection(ExtensibilityGlobals) = postSolution
		SolutionGuid = {A566D389-A851-4A86-AA19-7EAAB282588B}
	EndGlobalSection
EndGlobal
